
Microsoft Visual Studio Solution File, Format Version 12.00
# Visual Studio 14
VisualStudioVersion = 14.0.25420.1
MinimumVisualStudioVersion = 10.0.40219.1
Project("{FAE04EC0-301F-11D3-BF4B-00C04F79EFBC}") = "VipaksPlusTestTask", "VipaksPlusTestTask\VipaksPlusTestTask.csproj", "{C3BB4546-FD5E-41B8-A6F7-3EC96ECED953}"
EndProject
Project("{FAE04EC0-301F-11D3-BF4B-00C04F79EFBC}") = "UnitTests", "UnitTests\UnitTests.csproj", "{A2B14D48-F8B7-45B0-B70D-C09FB572833D}"
EndProject
Global
	GlobalSection(SolutionConfigurationPlatforms) = preSolution
		Debug|Any CPU = Debug|Any CPU
		Release|Any CPU = Release|Any CPU
	EndGlobalSection
	GlobalSection(ProjectConfigurationPlatforms) = postSolution
		{C3BB4546-FD5E-41B8-A6F7-3EC96ECED953}.Debug|Any CPU.ActiveCfg = Debug|Any CPU
		{C3BB4546-FD5E-41B8-A6F7-3EC96ECED953}.Debug|Any CPU.Build.0 = Debug|Any CPU
		{C3BB4546-FD5E-41B8-A6F7-3EC96ECED953}.Release|Any CPU.ActiveCfg = Release|Any CPU
		{C3BB4546-FD5E-41B8-A6F7-3EC96ECED953}.Release|Any CPU.Build.0 = Release|Any CPU
		{A2B14D48-F8B7-45B0-B70D-C09FB572833D}.Debug|Any CPU.ActiveCfg = Debug|Any CPU
		{A2B14D48-F8B7-45B0-B70D-C09FB572833D}.Debug|Any CPU.Build.0 = Debug|Any CPU
		{A2B14D48-F8B7-45B0-B70D-C09FB572833D}.Release|Any CPU.ActiveCfg = Release|Any CPU
		{A2B14D48-F8B7-45B0-B70D-C09FB572833D}.Release|Any CPU.Build.0 = Release|Any CPU
	EndGlobalSection
	GlobalSection(SolutionProperties) = preSolution
		HideSolutionNode = FALSE
	EndGlobalSection
EndGlobal
